// !$*UTF8*$!
{
	archiveVersion = 1;
	classes = {
	};
	objectVersion = 46;
	objects = {

/* Begin PBXBuildFile section */
		9506950B14B730ED0038BC74 /* JusikDBManager.m in Sources */ = {isa = PBXBuildFile; fileRef = 9506950A14B730EC0038BC74 /* JusikDBManager.m */; };
		952E4F3A14AA689D003CC95F /* JusikLogoViewController.m in Sources */ = {isa = PBXBuildFile; fileRef = 952E4F3814AA689D003CC95F /* JusikLogoViewController.m */; };
		952E4F3B14AA689D003CC95F /* JusikLogoViewController.xib in Resources */ = {isa = PBXBuildFile; fileRef = 952E4F3914AA689D003CC95F /* JusikLogoViewController.xib */; };
		9549165C14CD722500059C1B /* JusikActivityObject.m in Sources */ = {isa = PBXBuildFile; fileRef = 9549165B14CD722500059C1B /* JusikActivityObject.m */; };
		9585273F14B21D4F00EBC3CC /* JusikFavoriteStockView.m in Sources */ = {isa = PBXBuildFile; fileRef = 9585273E14B21D4F00EBC3CC /* JusikFavoriteStockView.m */; };
		9585274A14B22CD100EBC3CC /* SlidingTabsTab.m in Sources */ = {isa = PBXBuildFile; fileRef = 9585274714B22CCC00EBC3CC /* SlidingTabsTab.m */; };
		9585274B14B22CD100EBC3CC /* SlidingTabsControl.m in Sources */ = {isa = PBXBuildFile; fileRef = 9585274914B22CCE00EBC3CC /* SlidingTabsControl.m */; };
		9585275014B22FB800EBC3CC /* JusikPlayerInfoViewController.m in Sources */ = {isa = PBXBuildFile; fileRef = 9585274E14B22FB100EBC3CC /* JusikPlayerInfoViewController.m */; };
		9585275114B22FB800EBC3CC /* JusikPlayerInfoViewController.xib in Resources */ = {isa = PBXBuildFile; fileRef = 9585274F14B22FB200EBC3CC /* JusikPlayerInfoViewController.xib */; };
		9597864E15E806F900A4937B /* JusikViewController.xib in Resources */ = {isa = PBXBuildFile; fileRef = 9597864C15E806F900A4937B /* JusikViewController.xib */; };
		9597865115E806FF00A4937B /* InfoPlist.strings in Resources */ = {isa = PBXBuildFile; fileRef = 9597864F15E806FF00A4937B /* InfoPlist.strings */; };
		95AA1953202733B300AEE8C4 /* libsqlite3.tbd in Frameworks */ = {isa = PBXBuildFile; fileRef = 95AA1952202733B300AEE8C4 /* libsqlite3.tbd */; };
		95B9527914B8E28300EE53C3 /* JusikActivityGameViewController.m in Sources */ = {isa = PBXBuildFile; fileRef = 95B9527714B8E28300EE53C3 /* JusikActivityGameViewController.m */; };
		95B9527A14B8E28300EE53C3 /* JusikActivityGameViewController.xib in Resources */ = {isa = PBXBuildFile; fileRef = 95B9527814B8E28300EE53C3 /* JusikActivityGameViewController.xib */; };
		95B9527E14B8E42800EE53C3 /* JusikBGMPlayer.m in Sources */ = {isa = PBXBuildFile; fileRef = 95B9527D14B8E42600EE53C3 /* JusikBGMPlayer.m */; };
		95B9528014B8E4FA00EE53C3 /* AVFoundation.framework in Frameworks */ = {isa = PBXBuildFile; fileRef = 95B9527F14B8E4FA00EE53C3 /* AVFoundation.framework */; };
		95B9528614B9EA9E00EE53C3 /* QuartzCore.framework in Frameworks */ = {isa = PBXBuildFile; fileRef = 95B9528514B9EA9D00EE53C3 /* QuartzCore.framework */; };
		95BA71A714ABB3290020B203 /* DB in Resources */ = {isa = PBXBuildFile; fileRef = 95BA71A514ABB3290020B203 /* DB */; };
		95BA71AF14ABBCD40020B203 /* Images in Resources */ = {isa = PBXBuildFile; fileRef = 95BA71AE14ABBCD40020B203 /* Images */; };
		95BA71B314ABBDA40020B203 /* JusikMainMenuViewController.m in Sources */ = {isa = PBXBuildFile; fileRef = 95BA71B114ABBDA40020B203 /* JusikMainMenuViewController.m */; };
		95BA71B414ABBDA40020B203 /* JusikMainMenuViewController.xib in Resources */ = {isa = PBXBuildFile; fileRef = 95BA71B214ABBDA40020B203 /* JusikMainMenuViewController.xib */; };
		95CB246114CAECDC001C156B /* JusikStockInfoViewController.m in Sources */ = {isa = PBXBuildFile; fileRef = 95CB245F14CAECDB001C156B /* JusikStockInfoViewController.m */; };
		95CB246214CAECDC001C156B /* JusikStockInfoViewController.xib in Resources */ = {isa = PBXBuildFile; fileRef = 95CB246014CAECDB001C156B /* JusikStockInfoViewController.xib */; };
		95CB246614CAF4AA001C156B /* JusikDBManager+Extension.m in Sources */ = {isa = PBXBuildFile; fileRef = 95CB246514CAF4A9001C156B /* JusikDBManager+Extension.m */; };
		95CB246D14CC1CAA001C156B /* JusikFavoriteStockItem.m in Sources */ = {isa = PBXBuildFile; fileRef = 95CB246C14CC1CA3001C156B /* JusikFavoriteStockItem.m */; };
		95CE07CF14BCF963001C888B /* JusikStockGraphView.m in Sources */ = {isa = PBXBuildFile; fileRef = 95CE07CE14BCF95A001C888B /* JusikStockGraphView.m */; };
		95D1D6A014AFD65400BEF3A0 /* JusikStockMarket.m in Sources */ = {isa = PBXBuildFile; fileRef = 95D1D68D14AFD65400BEF3A0 /* JusikStockMarket.m */; };
		95D1D6A114AFD65400BEF3A0 /* JusikCompanyInfo.m in Sources */ = {isa = PBXBuildFile; fileRef = 95D1D68F14AFD65400BEF3A0 /* JusikCompanyInfo.m */; };
		95D1D6A214AFD65400BEF3A0 /* JusikStockDataType.m in Sources */ = {isa = PBXBuildFile; fileRef = 95D1D69114AFD65400BEF3A0 /* JusikStockDataType.m */; };
		95D1D6A314AFD65400BEF3A0 /* JusikBusinessType.m in Sources */ = {isa = PBXBuildFile; fileRef = 95D1D69314AFD65400BEF3A0 /* JusikBusinessType.m */; };
		95D1D6A414AFD65400BEF3A0 /* JusikStock.m in Sources */ = {isa = PBXBuildFile; fileRef = 95D1D69514AFD65400BEF3A0 /* JusikStock.m */; };
		95D1D6A514AFD65400BEF3A0 /* JusikStockFunction.m in Sources */ = {isa = PBXBuildFile; fileRef = 95D1D69714AFD65400BEF3A0 /* JusikStockFunction.m */; };
		95D1D6A614AFD65400BEF3A0 /* JusikEvent.m in Sources */ = {isa = PBXBuildFile; fileRef = 95D1D69914AFD65400BEF3A0 /* JusikEvent.m */; };
		95D1D6A714AFD65400BEF3A0 /* JusikRecord.m in Sources */ = {isa = PBXBuildFile; fileRef = 95D1D69B14AFD65400BEF3A0 /* JusikRecord.m */; };
		95D1D6A814AFD65400BEF3A0 /* JusikPlayer.m in Sources */ = {isa = PBXBuildFile; fileRef = 95D1D69D14AFD65400BEF3A0 /* JusikPlayer.m */; };
		95D1D6A914AFD65400BEF3A0 /* JusikPurchasedStockInfo.m in Sources */ = {isa = PBXBuildFile; fileRef = 95D1D69F14AFD65400BEF3A0 /* JusikPurchasedStockInfo.m */; };
		95D1D6AC14AFD67A00BEF3A0 /* Musics in Resources */ = {isa = PBXBuildFile; fileRef = 95D1D6AB14AFD67A00BEF3A0 /* Musics */; };
		95D1D6B414AFE88000BEF3A0 /* JusikStatusBarController.m in Sources */ = {isa = PBXBuildFile; fileRef = 95D1D6B214AFE87F00BEF3A0 /* JusikStatusBarController.m */; };
		95D1D6B514AFE88000BEF3A0 /* JusikStatusBarController.xib in Resources */ = {isa = PBXBuildFile; fileRef = 95D1D6B314AFE88000BEF3A0 /* JusikStatusBarController.xib */; };
		95D1D6B914B0C62700BEF3A0 /* JusikGameViewController.m in Sources */ = {isa = PBXBuildFile; fileRef = 95D1D6B714B0C62600BEF3A0 /* JusikGameViewController.m */; };
		95D1D6BA14B0C62700BEF3A0 /* JusikGameViewController.xib in Resources */ = {isa = PBXBuildFile; fileRef = 95D1D6B814B0C62600BEF3A0 /* JusikGameViewController.xib */; };
		95D1D6BF14B0F81300BEF3A0 /* JusikStockGameViewController.m in Sources */ = {isa = PBXBuildFile; fileRef = 95D1D6BD14B0F81200BEF3A0 /* JusikStockGameViewController.m */; };
		95D1D6C014B0F81300BEF3A0 /* JusikStockGameViewController.xib in Resources */ = {isa = PBXBuildFile; fileRef = 95D1D6BE14B0F81300BEF3A0 /* JusikStockGameViewController.xib */; };
		95D1D6C414B201F300BEF3A0 /* JusikLoadingViewController.m in Sources */ = {isa = PBXBuildFile; fileRef = 95D1D6C214B201F000BEF3A0 /* JusikLoadingViewController.m */; };
		95D1D6C514B201F300BEF3A0 /* JusikLoadingViewController.xib in Resources */ = {isa = PBXBuildFile; fileRef = 95D1D6C314B201F100BEF3A0 /* JusikLoadingViewController.xib */; };
		95D1D6CF14B20A0600BEF3A0 /* Localizable.strings in Resources */ = {isa = PBXBuildFile; fileRef = 95D1D6D014B20A0600BEF3A0 /* Localizable.strings */; };
		95D57FE814BA1D1B00459E04 /* NSDate+Extension.m in Sources */ = {isa = PBXBuildFile; fileRef = 95D57FE714BA1D1B00459E04 /* NSDate+Extension.m */; };
		95D57FEC14BB1C7200459E04 /* JusikScript.m in Sources */ = {isa = PBXBuildFile; fileRef = 95D57FEB14BB1C7100459E04 /* JusikScript.m */; };
		95D57FF014BB25C400459E04 /* JusikScriptViewController.m in Sources */ = {isa = PBXBuildFile; fileRef = 95D57FEE14BB25BE00459E04 /* JusikScriptViewController.m */; };
		95D57FF114BB25C400459E04 /* JusikScriptViewController.xib in Resources */ = {isa = PBXBuildFile; fileRef = 95D57FEF14BB25C000459E04 /* JusikScriptViewController.xib */; };
		95EA63E214A619E2007E86D1 /* UIKit.framework in Frameworks */ = {isa = PBXBuildFile; fileRef = 95EA63E114A619E2007E86D1 /* UIKit.framework */; };
		95EA63E414A619E2007E86D1 /* Foundation.framework in Frameworks */ = {isa = PBXBuildFile; fileRef = 95EA63E314A619E2007E86D1 /* Foundation.framework */; };
		95EA63E614A619E2007E86D1 /* CoreGraphics.framework in Frameworks */ = {isa = PBXBuildFile; fileRef = 95EA63E514A619E2007E86D1 /* CoreGraphics.framework */; };
		95EA63EE14A619E2007E86D1 /* main.m in Sources */ = {isa = PBXBuildFile; fileRef = 95EA63ED14A619E2007E86D1 /* main.m */; };
		95EA63F214A619E2007E86D1 /* JusikAppDelegate.m in Sources */ = {isa = PBXBuildFile; fileRef = 95EA63F114A619E2007E86D1 /* JusikAppDelegate.m */; };
		95EA63F514A619E3007E86D1 /* JusikViewController.m in Sources */ = {isa = PBXBuildFile; fileRef = 95EA63F414A619E3007E86D1 /* JusikViewController.m */; };
/* End PBXBuildFile section */

/* Begin PBXFileReference section */
		9506950914B730EC0038BC74 /* JusikDBManager.h */ = {isa = PBXFileReference; fileEncoding = 4; lastKnownFileType = sourcecode.c.h; path = JusikDBManager.h; sourceTree = "<group>"; };
		9506950A14B730EC0038BC74 /* JusikDBManager.m */ = {isa = PBXFileReference; fileEncoding = 4; lastKnownFileType = sourcecode.c.objc; path = JusikDBManager.m; sourceTree = "<group>"; };
		952E4F3714AA689D003CC95F /* JusikLogoViewController.h */ = {isa = PBXFileReference; fileEncoding = 4; lastKnownFileType = sourcecode.c.h; path = JusikLogoViewController.h; sourceTree = "<group>"; };
		952E4F3814AA689D003CC95F /* JusikLogoViewController.m */ = {isa = PBXFileReference; fileEncoding = 4; lastKnownFileType = sourcecode.c.objc; path = JusikLogoViewController.m; sourceTree = "<group>"; };
		952E4F3914AA689D003CC95F /* JusikLogoViewController.xib */ = {isa = PBXFileReference; fileEncoding = 4; lastKnownFileType = file.xib; path = JusikLogoViewController.xib; sourceTree = "<group>"; };
		9549165A14CD722500059C1B /* JusikActivityObject.h */ = {isa = PBXFileReference; fileEncoding = 4; lastKnownFileType = sourcecode.c.h; path = JusikActivityObject.h; sourceTree = "<group>"; };
		9549165B14CD722500059C1B /* JusikActivityObject.m */ = {isa = PBXFileReference; fileEncoding = 4; lastKnownFileType = sourcecode.c.objc; path = JusikActivityObject.m; sourceTree = "<group>"; };
		9585273D14B21D4F00EBC3CC /* JusikFavoriteStockView.h */ = {isa = PBXFileReference; fileEncoding = 4; lastKnownFileType = sourcecode.c.h; path = JusikFavoriteStockView.h; sourceTree = "<group>"; };
		9585273E14B21D4F00EBC3CC /* JusikFavoriteStockView.m */ = {isa = PBXFileReference; fileEncoding = 4; lastKnownFileType = sourcecode.c.objc; path = JusikFavoriteStockView.m; sourceTree = "<group>"; };
		9585274614B22CCB00EBC3CC /* SlidingTabsTab.h */ = {isa = PBXFileReference; fileEncoding = 4; lastKnownFileType = sourcecode.c.h; path = SlidingTabsTab.h; sourceTree = "<group>"; };
		9585274714B22CCC00EBC3CC /* SlidingTabsTab.m */ = {isa = PBXFileReference; fileEncoding = 4; lastKnownFileType = sourcecode.c.objc; path = SlidingTabsTab.m; sourceTree = "<group>"; };
		9585274814B22CCD00EBC3CC /* SlidingTabsControl.h */ = {isa = PBXFileReference; fileEncoding = 4; lastKnownFileType = sourcecode.c.h; path = SlidingTabsControl.h; sourceTree = "<group>"; };
		9585274914B22CCE00EBC3CC /* SlidingTabsControl.m */ = {isa = PBXFileReference; fileEncoding = 4; lastKnownFileType = sourcecode.c.objc; path = SlidingTabsControl.m; sourceTree = "<group>"; };
		9585274D14B22FAE00EBC3CC /* JusikPlayerInfoViewController.h */ = {isa = PBXFileReference; fileEncoding = 4; lastKnownFileType = sourcecode.c.h; path = JusikPlayerInfoViewController.h; sourceTree = "<group>"; };
		9585274E14B22FB100EBC3CC /* JusikPlayerInfoViewController.m */ = {isa = PBXFileReference; fileEncoding = 4; lastKnownFileType = sourcecode.c.objc; path = JusikPlayerInfoViewController.m; sourceTree = "<group>"; };
		9585274F14B22FB200EBC3CC /* JusikPlayerInfoViewController.xib */ = {isa = PBXFileReference; fileEncoding = 4; lastKnownFileType = file.xib; path = JusikPlayerInfoViewController.xib; sourceTree = "<group>"; };
		9597864D15E806F900A4937B /* ko */ = {isa = PBXFileReference; lastKnownFileType = file.xib; name = ko; path = ko.lproj/JusikViewController.xib; sourceTree = "<group>"; };
		9597865015E806FF00A4937B /* ko */ = {isa = PBXFileReference; lastKnownFileType = text.plist.strings; name = ko; path = ko.lproj/InfoPlist.strings; sourceTree = "<group>"; };
		95AA1952202733B300AEE8C4 /* libsqlite3.tbd */ = {isa = PBXFileReference; lastKnownFileType = "sourcecode.text-based-dylib-definition"; name = libsqlite3.tbd; path = usr/lib/libsqlite3.tbd; sourceTree = SDKROOT; };
		95B9527614B8E28300EE53C3 /* JusikActivityGameViewController.h */ = {isa = PBXFileReference; fileEncoding = 4; lastKnownFileType = sourcecode.c.h; path = JusikActivityGameViewController.h; sourceTree = "<group>"; };
		95B9527714B8E28300EE53C3 /* JusikActivityGameViewController.m */ = {isa = PBXFileReference; fileEncoding = 4; lastKnownFileType = sourcecode.c.objc; path = JusikActivityGameViewController.m; sourceTree = "<group>"; };
		95B9527814B8E28300EE53C3 /* JusikActivityGameViewController.xib */ = {isa = PBXFileReference; fileEncoding = 4; lastKnownFileType = file.xib; path = JusikActivityGameViewController.xib; sourceTree = "<group>"; };
		95B9527C14B8E42500EE53C3 /* JusikBGMPlayer.h */ = {isa = PBXFileReference; fileEncoding = 4; lastKnownFileType = sourcecode.c.h; path = JusikBGMPlayer.h; sourceTree = "<group>"; };
		95B9527D14B8E42600EE53C3 /* JusikBGMPlayer.m */ = {isa = PBXFileReference; fileEncoding = 4; lastKnownFileType = sourcecode.c.objc; path = JusikBGMPlayer.m; sourceTree = "<group>"; };
		95B9527F14B8E4FA00EE53C3 /* AVFoundation.framework */ = {isa = PBXFileReference; lastKnownFileType = wrapper.framework; name = AVFoundation.framework; path = System/Library/Frameworks/AVFoundation.framework; sourceTree = SDKROOT; };
		95B9528114B96EDA00EE53C3 /* JusikGameController.h */ = {isa = PBXFileReference; fileEncoding = 4; lastKnownFileType = sourcecode.c.h; path = JusikGameController.h; sourceTree = "<group>"; };
		95B9528514B9EA9D00EE53C3 /* QuartzCore.framework */ = {isa = PBXFileReference; lastKnownFileType = wrapper.framework; name = QuartzCore.framework; path = System/Library/Frameworks/QuartzCore.framework; sourceTree = SDKROOT; };
		95BA71A514ABB3290020B203 /* DB */ = {isa = PBXFileReference; lastKnownFileType = folder; name = DB; path = ../../DB; sourceTree = "<group>"; };
		95BA71AE14ABBCD40020B203 /* Images */ = {isa = PBXFileReference; lastKnownFileType = folder; name = Images; path = ../../Images; sourceTree = "<group>"; };
		95BA71B014ABBDA40020B203 /* JusikMainMenuViewController.h */ = {isa = PBXFileReference; fileEncoding = 4; lastKnownFileType = sourcecode.c.h; path = JusikMainMenuViewController.h; sourceTree = "<group>"; };
		95BA71B114ABBDA40020B203 /* JusikMainMenuViewController.m */ = {isa = PBXFileReference; fileEncoding = 4; lastKnownFileType = sourcecode.c.objc; path = JusikMainMenuViewController.m; sourceTree = "<group>"; };
		95BA71B214ABBDA40020B203 /* JusikMainMenuViewController.xib */ = {isa = PBXFileReference; fileEncoding = 4; lastKnownFileType = file.xib; path = JusikMainMenuViewController.xib; sourceTree = "<group>"; };
		95CB245E14CAECDA001C156B /* JusikStockInfoViewController.h */ = {isa = PBXFileReference; fileEncoding = 4; lastKnownFileType = sourcecode.c.h; path = JusikStockInfoViewController.h; sourceTree = "<group>"; };
		95CB245F14CAECDB001C156B /* JusikStockInfoViewController.m */ = {isa = PBXFileReference; fileEncoding = 4; lastKnownFileType = sourcecode.c.objc; path = JusikStockInfoViewController.m; sourceTree = "<group>"; };
		95CB246014CAECDB001C156B /* JusikStockInfoViewController.xib */ = {isa = PBXFileReference; fileEncoding = 4; lastKnownFileType = file.xib; path = JusikStockInfoViewController.xib; sourceTree = "<group>"; };
		95CB246414CAF4A9001C156B /* JusikDBManager+Extension.h */ = {isa = PBXFileReference; fileEncoding = 4; lastKnownFileType = sourcecode.c.h; path = "JusikDBManager+Extension.h"; sourceTree = "<group>"; };
		95CB246514CAF4A9001C156B /* JusikDBManager+Extension.m */ = {isa = PBXFileReference; fileEncoding = 4; lastKnownFileType = sourcecode.c.objc; path = "JusikDBManager+Extension.m"; sourceTree = "<group>"; };
		95CB246B14CC1C99001C156B /* JusikFavoriteStockItem.h */ = {isa = PBXFileReference; fileEncoding = 4; lastKnownFileType = sourcecode.c.h; path = JusikFavoriteStockItem.h; sourceTree = "<group>"; };
		95CB246C14CC1CA3001C156B /* JusikFavoriteStockItem.m */ = {isa = PBXFileReference; fileEncoding = 4; lastKnownFileType = sourcecode.c.objc; path = JusikFavoriteStockItem.m; sourceTree = "<group>"; };
		95CE07CD14BCF955001C888B /* JusikStockGraphView.h */ = {isa = PBXFileReference; fileEncoding = 4; lastKnownFileType = sourcecode.c.h; path = JusikStockGraphView.h; sourceTree = "<group>"; };
		95CE07CE14BCF95A001C888B /* JusikStockGraphView.m */ = {isa = PBXFileReference; fileEncoding = 4; lastKnownFileType = sourcecode.c.objc; path = JusikStockGraphView.m; sourceTree = "<group>"; };
		95D1D68B14AFD65400BEF3A0 /* JusikCore.h */ = {isa = PBXFileReference; fileEncoding = 4; lastKnownFileType = sourcecode.c.h; name = JusikCore.h; path = ../../Jusikwang_core/JusikCore.h; sourceTree = "<group>"; };
		95D1D68C14AFD65400BEF3A0 /* JusikStockMarket.h */ = {isa = PBXFileReference; fileEncoding = 4; lastKnownFileType = sourcecode.c.h; name = JusikStockMarket.h; path = ../../Jusikwang_core/Jusikwang_core/JusikStockMarket.h; sourceTree = "<group>"; };
		95D1D68D14AFD65400BEF3A0 /* JusikStockMarket.m */ = {isa = PBXFileReference; fileEncoding = 4; lastKnownFileType = sourcecode.c.objc; name = JusikStockMarket.m; path = ../../Jusikwang_core/Jusikwang_core/JusikStockMarket.m; sourceTree = "<group>"; };
		95D1D68E14AFD65400BEF3A0 /* JusikCompanyInfo.h */ = {isa = PBXFileReference; fileEncoding = 4; lastKnownFileType = sourcecode.c.h; name = JusikCompanyInfo.h; path = ../../Jusikwang_core/Jusikwang_core/JusikCompanyInfo.h; sourceTree = "<group>"; };
		95D1D68F14AFD65400BEF3A0 /* JusikCompanyInfo.m */ = {isa = PBXFileReference; fileEncoding = 4; lastKnownFileType = sourcecode.c.objc; name = JusikCompanyInfo.m; path = ../../Jusikwang_core/Jusikwang_core/JusikCompanyInfo.m; sourceTree = "<group>"; };
		95D1D69014AFD65400BEF3A0 /* JusikStockDataType.h */ = {isa = PBXFileReference; fileEncoding = 4; lastKnownFileType = sourcecode.c.h; name = JusikStockDataType.h; path = ../../Jusikwang_core/Jusikwang_core/JusikStockDataType.h; sourceTree = "<group>"; };
		95D1D69114AFD65400BEF3A0 /* JusikStockDataType.m */ = {isa = PBXFileReference; fileEncoding = 4; lastKnownFileType = sourcecode.c.objc; name = JusikStockDataType.m; path = ../../Jusikwang_core/Jusikwang_core/JusikStockDataType.m; sourceTree = "<group>"; };
		95D1D69214AFD65400BEF3A0 /* JusikBusinessType.h */ = {isa = PBXFileReference; fileEncoding = 4; lastKnownFileType = sourcecode.c.h; name = JusikBusinessType.h; path = ../../Jusikwang_core/Jusikwang_core/JusikBusinessType.h; sourceTree = "<group>"; };
		95D1D69314AFD65400BEF3A0 /* JusikBusinessType.m */ = {isa = PBXFileReference; fileEncoding = 4; lastKnownFileType = sourcecode.c.objc; name = JusikBusinessType.m; path = ../../Jusikwang_core/Jusikwang_core/JusikBusinessType.m; sourceTree = "<group>"; };
		95D1D69414AFD65400BEF3A0 /* JusikStock.h */ = {isa = PBXFileReference; fileEncoding = 4; lastKnownFileType = sourcecode.c.h; name = JusikStock.h; path = ../../Jusikwang_core/Jusikwang_core/JusikStock.h; sourceTree = "<group>"; };
		95D1D69514AFD65400BEF3A0 /* JusikStock.m */ = {isa = PBXFileReference; fileEncoding = 4; lastKnownFileType = sourcecode.c.objc; name = JusikStock.m; path = ../../Jusikwang_core/Jusikwang_core/JusikStock.m; sourceTree = "<group>"; };
		95D1D69614AFD65400BEF3A0 /* JusikStockFunction.h */ = {isa = PBXFileReference; fileEncoding = 4; lastKnownFileType = sourcecode.c.h; name = JusikStockFunction.h; path = ../../Jusikwang_core/Jusikwang_core/JusikStockFunction.h; sourceTree = "<group>"; };
		95D1D69714AFD65400BEF3A0 /* JusikStockFunction.m */ = {isa = PBXFileReference; fileEncoding = 4; lastKnownFileType = sourcecode.c.objc; name = JusikStockFunction.m; path = ../../Jusikwang_core/Jusikwang_core/JusikStockFunction.m; sourceTree = "<group>"; };
		95D1D69814AFD65400BEF3A0 /* JusikEvent.h */ = {isa = PBXFileReference; fileEncoding = 4; lastKnownFileType = sourcecode.c.h; name = JusikEvent.h; path = ../../Jusikwang_core/Jusikwang_core/JusikEvent.h; sourceTree = "<group>"; };
		95D1D69914AFD65400BEF3A0 /* JusikEvent.m */ = {isa = PBXFileReference; fileEncoding = 4; lastKnownFileType = sourcecode.c.objc; name = JusikEvent.m; path = ../../Jusikwang_core/Jusikwang_core/JusikEvent.m; sourceTree = "<group>"; };
		95D1D69A14AFD65400BEF3A0 /* JusikRecord.h */ = {isa = PBXFileReference; fileEncoding = 4; lastKnownFileType = sourcecode.c.h; name = JusikRecord.h; path = ../../Jusikwang_core/Jusikwang_core/JusikRecord.h; sourceTree = "<group>"; };
		95D1D69B14AFD65400BEF3A0 /* JusikRecord.m */ = {isa = PBXFileReference; fileEncoding = 4; lastKnownFileType = sourcecode.c.objc; name = JusikRecord.m; path = ../../Jusikwang_core/Jusikwang_core/JusikRecord.m; sourceTree = "<group>"; };
		95D1D69C14AFD65400BEF3A0 /* JusikPlayer.h */ = {isa = PBXFileReference; fileEncoding = 4; lastKnownFileType = sourcecode.c.h; name = JusikPlayer.h; path = ../../Jusikwang_core/Jusikwang_core/JusikPlayer.h; sourceTree = "<group>"; };
		95D1D69D14AFD65400BEF3A0 /* JusikPlayer.m */ = {isa = PBXFileReference; fileEncoding = 4; lastKnownFileType = sourcecode.c.objc; name = JusikPlayer.m; path = ../../Jusikwang_core/Jusikwang_core/JusikPlayer.m; sourceTree = "<group>"; };
		95D1D69E14AFD65400BEF3A0 /* JusikPurchasedStockInfo.h */ = {isa = PBXFileReference; fileEncoding = 4; lastKnownFileType = sourcecode.c.h; name = JusikPurchasedStockInfo.h; path = ../../Jusikwang_core/Jusikwang_core/JusikPurchasedStockInfo.h; sourceTree = "<group>"; };
		95D1D69F14AFD65400BEF3A0 /* JusikPurchasedStockInfo.m */ = {isa = PBXFileReference; fileEncoding = 4; lastKnownFileType = sourcecode.c.objc; name = JusikPurchasedStockInfo.m; path = ../../Jusikwang_core/Jusikwang_core/JusikPurchasedStockInfo.m; sourceTree = "<group>"; };
		95D1D6AB14AFD67A00BEF3A0 /* Musics */ = {isa = PBXFileReference; lastKnownFileType = folder; name = Musics; path = ../../Musics; sourceTree = "<group>"; };
		95D1D6B114AFE87F00BEF3A0 /* JusikStatusBarController.h */ = {isa = PBXFileReference; fileEncoding = 4; lastKnownFileType = sourcecode.c.h; path = JusikStatusBarController.h; sourceTree = "<group>"; };
		95D1D6B214AFE87F00BEF3A0 /* JusikStatusBarController.m */ = {isa = PBXFileReference; fileEncoding = 4; lastKnownFileType = sourcecode.c.objc; path = JusikStatusBarController.m; sourceTree = "<group>"; };
		95D1D6B314AFE88000BEF3A0 /* JusikStatusBarController.xib */ = {isa = PBXFileReference; fileEncoding = 4; lastKnownFileType = file.xib; path = JusikStatusBarController.xib; sourceTree = "<group>"; };
		95D1D6B614B0C62500BEF3A0 /* JusikGameViewController.h */ = {isa = PBXFileReference; fileEncoding = 4; lastKnownFileType = sourcecode.c.h; path = JusikGameViewController.h; sourceTree = "<group>"; };
		95D1D6B714B0C62600BEF3A0 /* JusikGameViewController.m */ = {isa = PBXFileReference; fileEncoding = 4; lastKnownFileType = sourcecode.c.objc; path = JusikGameViewController.m; sourceTree = "<group>"; };
		95D1D6B814B0C62600BEF3A0 /* JusikGameViewController.xib */ = {isa = PBXFileReference; fileEncoding = 4; lastKnownFileType = file.xib; path = JusikGameViewController.xib; sourceTree = "<group>"; };
		95D1D6BB14B0CF6D00BEF3A0 /* JusikUIDataTypes.h */ = {isa = PBXFileReference; fileEncoding = 4; lastKnownFileType = sourcecode.c.h; path = JusikUIDataTypes.h; sourceTree = "<group>"; };
		95D1D6BC14B0F81200BEF3A0 /* JusikStockGameViewController.h */ = {isa = PBXFileReference; fileEncoding = 4; lastKnownFileType = sourcecode.c.h; path = JusikStockGameViewController.h; sourceTree = "<group>"; };
		95D1D6BD14B0F81200BEF3A0 /* JusikStockGameViewController.m */ = {isa = PBXFileReference; fileEncoding = 4; lastKnownFileType = sourcecode.c.objc; path = JusikStockGameViewController.m; sourceTree = "<group>"; };
		95D1D6BE14B0F81300BEF3A0 /* JusikStockGameViewController.xib */ = {isa = PBXFileReference; fileEncoding = 4; lastKnownFileType = file.xib; path = JusikStockGameViewController.xib; sourceTree = "<group>"; };
		95D1D6C114B201EF00BEF3A0 /* JusikLoadingViewController.h */ = {isa = PBXFileReference; fileEncoding = 4; lastKnownFileType = sourcecode.c.h; path = JusikLoadingViewController.h; sourceTree = "<group>"; };
		95D1D6C214B201F000BEF3A0 /* JusikLoadingViewController.m */ = {isa = PBXFileReference; fileEncoding = 4; lastKnownFileType = sourcecode.c.objc; path = JusikLoadingViewController.m; sourceTree = "<group>"; };
		95D1D6C314B201F100BEF3A0 /* JusikLoadingViewController.xib */ = {isa = PBXFileReference; fileEncoding = 4; lastKnownFileType = file.xib; path = JusikLoadingViewController.xib; sourceTree = "<group>"; };
		95D1D6D014B20A0600BEF3A0 /* Localizable.strings */ = {isa = PBXFileReference; lastKnownFileType = text.plist.strings; path = Localizable.strings; sourceTree = "<group>"; };
		95D57FE614BA1D1B00459E04 /* NSDate+Extension.h */ = {isa = PBXFileReference; fileEncoding = 4; lastKnownFileType = sourcecode.c.h; path = "NSDate+Extension.h"; sourceTree = "<group>"; };
		95D57FE714BA1D1B00459E04 /* NSDate+Extension.m */ = {isa = PBXFileReference; fileEncoding = 4; lastKnownFileType = sourcecode.c.objc; path = "NSDate+Extension.m"; sourceTree = "<group>"; };
		95D57FEA14BB1C7000459E04 /* JusikScript.h */ = {isa = PBXFileReference; fileEncoding = 4; lastKnownFileType = sourcecode.c.h; path = JusikScript.h; sourceTree = "<group>"; };
		95D57FEB14BB1C7100459E04 /* JusikScript.m */ = {isa = PBXFileReference; fileEncoding = 4; lastKnownFileType = sourcecode.c.objc; path = JusikScript.m; sourceTree = "<group>"; };
		95D57FED14BB25BC00459E04 /* JusikScriptViewController.h */ = {isa = PBXFileReference; fileEncoding = 4; lastKnownFileType = sourcecode.c.h; path = JusikScriptViewController.h; sourceTree = "<group>"; };
		95D57FEE14BB25BE00459E04 /* JusikScriptViewController.m */ = {isa = PBXFileReference; fileEncoding = 4; lastKnownFileType = sourcecode.c.objc; path = JusikScriptViewController.m; sourceTree = "<group>"; };
		95D57FEF14BB25C000459E04 /* JusikScriptViewController.xib */ = {isa = PBXFileReference; fileEncoding = 4; lastKnownFileType = file.xib; path = JusikScriptViewController.xib; sourceTree = "<group>"; };
		95EA63DD14A619E2007E86D1 /* Jusikwang.app */ = {isa = PBXFileReference; explicitFileType = wrapper.application; includeInIndex = 0; path = Jusikwang.app; sourceTree = BUILT_PRODUCTS_DIR; };
		95EA63E114A619E2007E86D1 /* UIKit.framework */ = {isa = PBXFileReference; lastKnownFileType = wrapper.framework; name = UIKit.framework; path = System/Library/Frameworks/UIKit.framework; sourceTree = SDKROOT; };
		95EA63E314A619E2007E86D1 /* Foundation.framework */ = {isa = PBXFileReference; lastKnownFileType = wrapper.framework; name = Foundation.framework; path = System/Library/Frameworks/Foundation.framework; sourceTree = SDKROOT; };
		95EA63E514A619E2007E86D1 /* CoreGraphics.framework */ = {isa = PBXFileReference; lastKnownFileType = wrapper.framework; name = CoreGraphics.framework; path = System/Library/Frameworks/CoreGraphics.framework; sourceTree = SDKROOT; };
		95EA63E914A619E2007E86D1 /* Jusikwang-Info.plist */ = {isa = PBXFileReference; lastKnownFileType = text.plist.xml; path = "Jusikwang-Info.plist"; sourceTree = "<group>"; };
		95EA63ED14A619E2007E86D1 /* main.m */ = {isa = PBXFileReference; lastKnownFileType = sourcecode.c.objc; path = main.m; sourceTree = "<group>"; };
		95EA63EF14A619E2007E86D1 /* Jusikwang-Prefix.pch */ = {isa = PBXFileReference; lastKnownFileType = sourcecode.c.h; path = "Jusikwang-Prefix.pch"; sourceTree = "<group>"; };
		95EA63F014A619E2007E86D1 /* JusikAppDelegate.h */ = {isa = PBXFileReference; lastKnownFileType = sourcecode.c.h; path = JusikAppDelegate.h; sourceTree = "<group>"; };
		95EA63F114A619E2007E86D1 /* JusikAppDelegate.m */ = {isa = PBXFileReference; lastKnownFileType = sourcecode.c.objc; path = JusikAppDelegate.m; sourceTree = "<group>"; };
		95EA63F314A619E2007E86D1 /* JusikViewController.h */ = {isa = PBXFileReference; lastKnownFileType = sourcecode.c.h; path = JusikViewController.h; sourceTree = "<group>"; };
		95EA63F414A619E3007E86D1 /* JusikViewController.m */ = {isa = PBXFileReference; lastKnownFileType = sourcecode.c.objc; path = JusikViewController.m; sourceTree = "<group>"; };
/* End PBXFileReference section */

/* Begin PBXFrameworksBuildPhase section */
		95EA63DA14A619E2007E86D1 /* Frameworks */ = {
			isa = PBXFrameworksBuildPhase;
			buildActionMask = 2147483647;
			files = (
				95AA1953202733B300AEE8C4 /* libsqlite3.tbd in Frameworks */,
				95B9528614B9EA9E00EE53C3 /* QuartzCore.framework in Frameworks */,
				95B9528014B8E4FA00EE53C3 /* AVFoundation.framework in Frameworks */,
				95EA63E214A619E2007E86D1 /* UIKit.framework in Frameworks */,
				95EA63E414A619E2007E86D1 /* Foundation.framework in Frameworks */,
				95EA63E614A619E2007E86D1 /* CoreGraphics.framework in Frameworks */,
			);
			runOnlyForDeploymentPostprocessing = 0;
		};
/* End PBXFrameworksBuildPhase section */

/* Begin PBXGroup section */
		9506950314B2FAD70038BC74 /* Loading */ = {
			isa = PBXGroup;
			children = (
				95D1D6C114B201EF00BEF3A0 /* JusikLoadingViewController.h */,
				95D1D6C214B201F000BEF3A0 /* JusikLoadingViewController.m */,
				95D1D6C314B201F100BEF3A0 /* JusikLoadingViewController.xib */,
				9506950914B730EC0038BC74 /* JusikDBManager.h */,
				9506950A14B730EC0038BC74 /* JusikDBManager.m */,
				95CB246414CAF4A9001C156B /* JusikDBManager+Extension.h */,
				95CB246514CAF4A9001C156B /* JusikDBManager+Extension.m */,
			);
			name = Loading;
			sourceTree = "<group>";
		};
		9585274C14B22CD600EBC3CC /* SlidingTabs */ = {
			isa = PBXGroup;
			children = (
				9585274614B22CCB00EBC3CC /* SlidingTabsTab.h */,
				9585274714B22CCC00EBC3CC /* SlidingTabsTab.m */,
				9585274814B22CCD00EBC3CC /* SlidingTabsControl.h */,
				9585274914B22CCE00EBC3CC /* SlidingTabsControl.m */,
			);
			name = SlidingTabs;
			sourceTree = "<group>";
		};
		9585276014B25B5700EBC3CC /* Resources */ = {
			isa = PBXGroup;
			children = (
				95D1D6AB14AFD67A00BEF3A0 /* Musics */,
				95BA71AE14ABBCD40020B203 /* Images */,
				95BA71A514ABB3290020B203 /* DB */,
			);
			name = Resources;
			sourceTree = "<group>";
		};
		9585276114B25B7200EBC3CC /* Libraries */ = {
			isa = PBXGroup;
			children = (
				9585274C14B22CD600EBC3CC /* SlidingTabs */,
				95D57FE614BA1D1B00459E04 /* NSDate+Extension.h */,
				95D57FE714BA1D1B00459E04 /* NSDate+Extension.m */,
			);
			name = Libraries;
			sourceTree = "<group>";
		};
		9585276214B25B8B00EBC3CC /* UI */ = {
			isa = PBXGroup;
			children = (
				9506950314B2FAD70038BC74 /* Loading */,
				9585276514B25BF500EBC3CC /* Game */,
				9585276414B25BA600EBC3CC /* Main Menu */,
				9585276314B25B9500EBC3CC /* Logo */,
			);
			name = UI;
			sourceTree = "<group>";
		};
		9585276314B25B9500EBC3CC /* Logo */ = {
			isa = PBXGroup;
			children = (
				952E4F3714AA689D003CC95F /* JusikLogoViewController.h */,
				952E4F3814AA689D003CC95F /* JusikLogoViewController.m */,
				952E4F3914AA689D003CC95F /* JusikLogoViewController.xib */,
			);
			name = Logo;
			sourceTree = "<group>";
		};
		9585276414B25BA600EBC3CC /* Main Menu */ = {
			isa = PBXGroup;
			children = (
				95BA71B014ABBDA40020B203 /* JusikMainMenuViewController.h */,
				95BA71B114ABBDA40020B203 /* JusikMainMenuViewController.m */,
				95BA71B214ABBDA40020B203 /* JusikMainMenuViewController.xib */,
			);
			name = "Main Menu";
			sourceTree = "<group>";
		};
		9585276514B25BF500EBC3CC /* Game */ = {
			isa = PBXGroup;
			children = (
				95CB247014CC1D54001C156B /* Common */,
				95CB246F14CC1D37001C156B /* Activity */,
				95CB246E14CC1CCD001C156B /* Stock */,
				95B9527C14B8E42500EE53C3 /* JusikBGMPlayer.h */,
				95B9527D14B8E42600EE53C3 /* JusikBGMPlayer.m */,
				95B9528114B96EDA00EE53C3 /* JusikGameController.h */,
				95D57FEA14BB1C7000459E04 /* JusikScript.h */,
				95D57FEB14BB1C7100459E04 /* JusikScript.m */,
				95D57FED14BB25BC00459E04 /* JusikScriptViewController.h */,
				95D57FEE14BB25BE00459E04 /* JusikScriptViewController.m */,
				95D57FEF14BB25C000459E04 /* JusikScriptViewController.xib */,
				95CE07CD14BCF955001C888B /* JusikStockGraphView.h */,
				95CE07CE14BCF95A001C888B /* JusikStockGraphView.m */,
			);
			name = Game;
			sourceTree = "<group>";
		};
		95CB246E14CC1CCD001C156B /* Stock */ = {
			isa = PBXGroup;
			children = (
				95D1D6BC14B0F81200BEF3A0 /* JusikStockGameViewController.h */,
				95D1D6BD14B0F81200BEF3A0 /* JusikStockGameViewController.m */,
				95D1D6BE14B0F81300BEF3A0 /* JusikStockGameViewController.xib */,
				95CB245E14CAECDA001C156B /* JusikStockInfoViewController.h */,
				95CB245F14CAECDB001C156B /* JusikStockInfoViewController.m */,
				95CB246014CAECDB001C156B /* JusikStockInfoViewController.xib */,
				9585273D14B21D4F00EBC3CC /* JusikFavoriteStockView.h */,
				9585273E14B21D4F00EBC3CC /* JusikFavoriteStockView.m */,
				95CB246B14CC1C99001C156B /* JusikFavoriteStockItem.h */,
				95CB246C14CC1CA3001C156B /* JusikFavoriteStockItem.m */,
			);
			name = Stock;
			sourceTree = "<group>";
		};
		95CB246F14CC1D37001C156B /* Activity */ = {
			isa = PBXGroup;
			children = (
				95B9527614B8E28300EE53C3 /* JusikActivityGameViewController.h */,
				95B9527714B8E28300EE53C3 /* JusikActivityGameViewController.m */,
				95B9527814B8E28300EE53C3 /* JusikActivityGameViewController.xib */,
				9549165A14CD722500059C1B /* JusikActivityObject.h */,
				9549165B14CD722500059C1B /* JusikActivityObject.m */,
			);
			name = Activity;
			sourceTree = "<group>";
		};
		95CB247014CC1D54001C156B /* Common */ = {
			isa = PBXGroup;
			children = (
				95D1D6B114AFE87F00BEF3A0 /* JusikStatusBarController.h */,
				95D1D6B214AFE87F00BEF3A0 /* JusikStatusBarController.m */,
				95D1D6B314AFE88000BEF3A0 /* JusikStatusBarController.xib */,
				95D1D6B614B0C62500BEF3A0 /* JusikGameViewController.h */,
				95D1D6B714B0C62600BEF3A0 /* JusikGameViewController.m */,
				95D1D6B814B0C62600BEF3A0 /* JusikGameViewController.xib */,
				9585274D14B22FAE00EBC3CC /* JusikPlayerInfoViewController.h */,
				9585274E14B22FB100EBC3CC /* JusikPlayerInfoViewController.m */,
				9585274F14B22FB200EBC3CC /* JusikPlayerInfoViewController.xib */,
			);
			name = Common;
			sourceTree = "<group>";
		};
		95EA63D214A619E2007E86D1 = {
			isa = PBXGroup;
			children = (
				95B9528514B9EA9D00EE53C3 /* QuartzCore.framework */,
				95B9527F14B8E4FA00EE53C3 /* AVFoundation.framework */,
				95EA63E714A619E2007E86D1 /* Jusikwang */,
				95EA63E014A619E2007E86D1 /* Frameworks */,
				95EA63DE14A619E2007E86D1 /* Products */,
			);
			sourceTree = "<group>";
		};
		95EA63DE14A619E2007E86D1 /* Products */ = {
			isa = PBXGroup;
			children = (
				95EA63DD14A619E2007E86D1 /* Jusikwang.app */,
			);
			name = Products;
			sourceTree = "<group>";
		};
		95EA63E014A619E2007E86D1 /* Frameworks */ = {
			isa = PBXGroup;
			children = (
				95AA1952202733B300AEE8C4 /* libsqlite3.tbd */,
				95EA63E114A619E2007E86D1 /* UIKit.framework */,
				95EA63E314A619E2007E86D1 /* Foundation.framework */,
				95EA63E514A619E2007E86D1 /* CoreGraphics.framework */,
			);
			name = Frameworks;
			sourceTree = "<group>";
		};
		95EA63E714A619E2007E86D1 /* Jusikwang */ = {
			isa = PBXGroup;
			children = (
				9585276214B25B8B00EBC3CC /* UI */,
				95EA63FF14A627C6007E86D1 /* Core */,
				9585276114B25B7200EBC3CC /* Libraries */,
				9585276014B25B5700EBC3CC /* Resources */,
				95EA63F014A619E2007E86D1 /* JusikAppDelegate.h */,
				95EA63F114A619E2007E86D1 /* JusikAppDelegate.m */,
				9597864C15E806F900A4937B /* JusikViewController.xib */,
				95EA63F314A619E2007E86D1 /* JusikViewController.h */,
				95EA63F414A619E3007E86D1 /* JusikViewController.m */,
				95EA63E814A619E2007E86D1 /* Supporting Files */,
				95D1D6BB14B0CF6D00BEF3A0 /* JusikUIDataTypes.h */,
				95D1D6D014B20A0600BEF3A0 /* Localizable.strings */,
			);
			path = Jusikwang;
			sourceTree = "<group>";
		};
		95EA63E814A619E2007E86D1 /* Supporting Files */ = {
			isa = PBXGroup;
			children = (
				95EA63E914A619E2007E86D1 /* Jusikwang-Info.plist */,
				9597864F15E806FF00A4937B /* InfoPlist.strings */,
				95EA63ED14A619E2007E86D1 /* main.m */,
				95EA63EF14A619E2007E86D1 /* Jusikwang-Prefix.pch */,
			);
			name = "Supporting Files";
			sourceTree = "<group>";
		};
		95EA63FF14A627C6007E86D1 /* Core */ = {
			isa = PBXGroup;
			children = (
				95D1D68B14AFD65400BEF3A0 /* JusikCore.h */,
				95D1D68C14AFD65400BEF3A0 /* JusikStockMarket.h */,
				95D1D68D14AFD65400BEF3A0 /* JusikStockMarket.m */,
				95D1D68E14AFD65400BEF3A0 /* JusikCompanyInfo.h */,
				95D1D68F14AFD65400BEF3A0 /* JusikCompanyInfo.m */,
				95D1D69014AFD65400BEF3A0 /* JusikStockDataType.h */,
				95D1D69114AFD65400BEF3A0 /* JusikStockDataType.m */,
				95D1D69214AFD65400BEF3A0 /* JusikBusinessType.h */,
				95D1D69314AFD65400BEF3A0 /* JusikBusinessType.m */,
				95D1D69414AFD65400BEF3A0 /* JusikStock.h */,
				95D1D69514AFD65400BEF3A0 /* JusikStock.m */,
				95D1D69614AFD65400BEF3A0 /* JusikStockFunction.h */,
				95D1D69714AFD65400BEF3A0 /* JusikStockFunction.m */,
				95D1D69814AFD65400BEF3A0 /* JusikEvent.h */,
				95D1D69914AFD65400BEF3A0 /* JusikEvent.m */,
				95D1D69A14AFD65400BEF3A0 /* JusikRecord.h */,
				95D1D69B14AFD65400BEF3A0 /* JusikRecord.m */,
				95D1D69C14AFD65400BEF3A0 /* JusikPlayer.h */,
				95D1D69D14AFD65400BEF3A0 /* JusikPlayer.m */,
				95D1D69E14AFD65400BEF3A0 /* JusikPurchasedStockInfo.h */,
				95D1D69F14AFD65400BEF3A0 /* JusikPurchasedStockInfo.m */,
			);
			name = Core;
			sourceTree = "<group>";
		};
/* End PBXGroup section */

/* Begin PBXNativeTarget section */
		95EA63DC14A619E2007E86D1 /* Jusikwang */ = {
			isa = PBXNativeTarget;
			buildConfigurationList = 95EA63FB14A619E3007E86D1 /* Build configuration list for PBXNativeTarget "Jusikwang" */;
			buildPhases = (
				95EA63D914A619E2007E86D1 /* Sources */,
				95EA63DA14A619E2007E86D1 /* Frameworks */,
				95EA63DB14A619E2007E86D1 /* Resources */,
			);
			buildRules = (
			);
			dependencies = (
			);
			name = Jusikwang;
			productName = Jusikwang;
			productReference = 95EA63DD14A619E2007E86D1 /* Jusikwang.app */;
			productType = "com.apple.product-type.application";
		};
/* End PBXNativeTarget section */

/* Begin PBXProject section */
		95EA63D414A619E2007E86D1 /* Project object */ = {
			isa = PBXProject;
			attributes = {
				LastUpgradeCheck = 1000;
				ORGANIZATIONNAME = "서울시립대학교";
				TargetAttributes = {
					95EA63DC14A619E2007E86D1 = {
						DevelopmentTeam = EQPSU577A8;
					};
				};
			};
			buildConfigurationList = 95EA63D714A619E2007E86D1 /* Build configuration list for PBXProject "Jusikwang" */;
			compatibilityVersion = "Xcode 3.2";
			developmentRegion = English;
			hasScannedForEncodings = 0;
			knownRegions = (
				en,
				ko,
			);
			mainGroup = 95EA63D214A619E2007E86D1;
			productRefGroup = 95EA63DE14A619E2007E86D1 /* Products */;
			projectDirPath = "";
			projectRoot = "";
			targets = (
				95EA63DC14A619E2007E86D1 /* Jusikwang */,
			);
		};
/* End PBXProject section */

/* Begin PBXResourcesBuildPhase section */
		95EA63DB14A619E2007E86D1 /* Resources */ = {
			isa = PBXResourcesBuildPhase;
			buildActionMask = 2147483647;
			files = (
				952E4F3B14AA689D003CC95F /* JusikLogoViewController.xib in Resources */,
				95BA71A714ABB3290020B203 /* DB in Resources */,
				95BA71AF14ABBCD40020B203 /* Images in Resources */,
				95BA71B414ABBDA40020B203 /* JusikMainMenuViewController.xib in Resources */,
				95D1D6AC14AFD67A00BEF3A0 /* Musics in Resources */,
				95D1D6B514AFE88000BEF3A0 /* JusikStatusBarController.xib in Resources */,
				95D1D6BA14B0C62700BEF3A0 /* JusikGameViewController.xib in Resources */,
				95D1D6C014B0F81300BEF3A0 /* JusikStockGameViewController.xib in Resources */,
				95D1D6C514B201F300BEF3A0 /* JusikLoadingViewController.xib in Resources */,
				95D1D6CF14B20A0600BEF3A0 /* Localizable.strings in Resources */,
				9585275114B22FB800EBC3CC /* JusikPlayerInfoViewController.xib in Resources */,
				95B9527A14B8E28300EE53C3 /* JusikActivityGameViewController.xib in Resources */,
				95D57FF114BB25C400459E04 /* JusikScriptViewController.xib in Resources */,
				95CB246214CAECDC001C156B /* JusikStockInfoViewController.xib in Resources */,
				9597864E15E806F900A4937B /* JusikViewController.xib in Resources */,
				9597865115E806FF00A4937B /* InfoPlist.strings in Resources */,
			);
			runOnlyForDeploymentPostprocessing = 0;
		};
/* End PBXResourcesBuildPhase section */

/* Begin PBXSourcesBuildPhase section */
		95EA63D914A619E2007E86D1 /* Sources */ = {
			isa = PBXSourcesBuildPhase;
			buildActionMask = 2147483647;
			files = (
				95EA63EE14A619E2007E86D1 /* main.m in Sources */,
				95EA63F214A619E2007E86D1 /* JusikAppDelegate.m in Sources */,
				95EA63F514A619E3007E86D1 /* JusikViewController.m in Sources */,
				952E4F3A14AA689D003CC95F /* JusikLogoViewController.m in Sources */,
				95BA71B314ABBDA40020B203 /* JusikMainMenuViewController.m in Sources */,
				95D1D6A014AFD65400BEF3A0 /* JusikStockMarket.m in Sources */,
				95D1D6A114AFD65400BEF3A0 /* JusikCompanyInfo.m in Sources */,
				95D1D6A214AFD65400BEF3A0 /* JusikStockDataType.m in Sources */,
				95D1D6A314AFD65400BEF3A0 /* JusikBusinessType.m in Sources */,
				95D1D6A414AFD65400BEF3A0 /* JusikStock.m in Sources */,
				95D1D6A514AFD65400BEF3A0 /* JusikStockFunction.m in Sources */,
				95D1D6A614AFD65400BEF3A0 /* JusikEvent.m in Sources */,
				95D1D6A714AFD65400BEF3A0 /* JusikRecord.m in Sources */,
				95D1D6A814AFD65400BEF3A0 /* JusikPlayer.m in Sources */,
				95D1D6A914AFD65400BEF3A0 /* JusikPurchasedStockInfo.m in Sources */,
				95D1D6B414AFE88000BEF3A0 /* JusikStatusBarController.m in Sources */,
				95D1D6B914B0C62700BEF3A0 /* JusikGameViewController.m in Sources */,
				95D1D6BF14B0F81300BEF3A0 /* JusikStockGameViewController.m in Sources */,
				95D1D6C414B201F300BEF3A0 /* JusikLoadingViewController.m in Sources */,
				9585273F14B21D4F00EBC3CC /* JusikFavoriteStockView.m in Sources */,
				9585274A14B22CD100EBC3CC /* SlidingTabsTab.m in Sources */,
				9585274B14B22CD100EBC3CC /* SlidingTabsControl.m in Sources */,
				9585275014B22FB800EBC3CC /* JusikPlayerInfoViewController.m in Sources */,
				9506950B14B730ED0038BC74 /* JusikDBManager.m in Sources */,
				95B9527914B8E28300EE53C3 /* JusikActivityGameViewController.m in Sources */,
				95B9527E14B8E42800EE53C3 /* JusikBGMPlayer.m in Sources */,
				95D57FE814BA1D1B00459E04 /* NSDate+Extension.m in Sources */,
				95D57FEC14BB1C7200459E04 /* JusikScript.m in Sources */,
				95D57FF014BB25C400459E04 /* JusikScriptViewController.m in Sources */,
				95CE07CF14BCF963001C888B /* JusikStockGraphView.m in Sources */,
				95CB246114CAECDC001C156B /* JusikStockInfoViewController.m in Sources */,
				95CB246614CAF4AA001C156B /* JusikDBManager+Extension.m in Sources */,
				95CB246D14CC1CAA001C156B /* JusikFavoriteStockItem.m in Sources */,
				9549165C14CD722500059C1B /* JusikActivityObject.m in Sources */,
			);
			runOnlyForDeploymentPostprocessing = 0;
		};
/* End PBXSourcesBuildPhase section */

/* Begin PBXVariantGroup section */
		9597864C15E806F900A4937B /* JusikViewController.xib */ = {
			isa = PBXVariantGroup;
			children = (
				9597864D15E806F900A4937B /* ko */,
			);
			name = JusikViewController.xib;
			sourceTree = "<group>";
		};
		9597864F15E806FF00A4937B /* InfoPlist.strings */ = {
			isa = PBXVariantGroup;
			children = (
				9597865015E806FF00A4937B /* ko */,
			);
			name = InfoPlist.strings;
			sourceTree = "<group>";
		};
/* End PBXVariantGroup section */

/* Begin XCBuildConfiguration section */
		95CE07E414BE5FE3001C888B /* Ad-hoc */ = {
			isa = XCBuildConfiguration;
			buildSettings = {
				ALWAYS_SEARCH_USER_PATHS = NO;
				CLANG_ANALYZER_LOCALIZABILITY_NONLOCALIZED = YES;
				CLANG_WARN_BLOCK_CAPTURE_AUTORELEASING = YES;
				CLANG_WARN_BOOL_CONVERSION = YES;
				CLANG_WARN_COMMA = YES;
				CLANG_WARN_CONSTANT_CONVERSION = YES;
				CLANG_WARN_DEPRECATED_OBJC_IMPLEMENTATIONS = YES;
				CLANG_WARN_EMPTY_BODY = YES;
				CLANG_WARN_ENUM_CONVERSION = YES;
				CLANG_WARN_INFINITE_RECURSION = YES;
				CLANG_WARN_INT_CONVERSION = YES;
				CLANG_WARN_NON_LITERAL_NULL_CONVERSION = YES;
				CLANG_WARN_OBJC_IMPLICIT_RETAIN_SELF = YES;
				CLANG_WARN_OBJC_LITERAL_CONVERSION = YES;
				CLANG_WARN_RANGE_LOOP_ANALYSIS = YES;
				CLANG_WARN_STRICT_PROTOTYPES = YES;
				CLANG_WARN_SUSPICIOUS_MOVE = YES;
				CLANG_WARN_UNREACHABLE_CODE = YES;
				CLANG_WARN__DUPLICATE_METHOD_MATCH = YES;
				CODE_SIGN_IDENTITY = "iPhone Distribution";
				"CODE_SIGN_IDENTITY[sdk=iphoneos*]" = "iPhone Distribution";
				COPY_PHASE_STRIP = YES;
				ENABLE_STRICT_OBJC_MSGSEND = YES;
				GCC_C_LANGUAGE_STANDARD = gnu99;
				GCC_NO_COMMON_BLOCKS = YES;
				GCC_VERSION = com.apple.compilers.llvm.clang.1_0;
				GCC_WARN_64_TO_32_BIT_CONVERSION = YES;
				GCC_WARN_ABOUT_MISSING_PROTOTYPES = YES;
				GCC_WARN_ABOUT_RETURN_TYPE = YES;
				GCC_WARN_UNDECLARED_SELECTOR = YES;
				GCC_WARN_UNINITIALIZED_AUTOS = YES;
				GCC_WARN_UNUSED_FUNCTION = YES;
				GCC_WARN_UNUSED_VARIABLE = YES;
				IPHONEOS_DEPLOYMENT_TARGET = 10.0;
				OTHER_CFLAGS = "-DNS_BLOCK_ASSERTIONS=1";
				PROVISIONING_PROFILE = "";
				"PROVISIONING_PROFILE[sdk=iphoneos*]" = "";
				SDKROOT = iphoneos;
				VALIDATE_PRODUCT = YES;
			};
			name = "Ad-hoc";
		};
		95CE07E514BE5FE3001C888B /* Ad-hoc */ = {
			isa = XCBuildConfiguration;
			buildSettings = {
				CLANG_ENABLE_OBJC_WEAK = YES;
				DEVELOPMENT_TEAM = EQPSU577A8;
				GCC_PRECOMPILE_PREFIX_HEADER = YES;
				GCC_PREFIX_HEADER = "Jusikwang/Jusikwang-Prefix.pch";
				INFOPLIST_FILE = "Jusikwang/Jusikwang-Info.plist";
				PRODUCT_BUNDLE_IDENTIFIER = "com.3Ds.${PRODUCT_NAME:rfc1034identifier}";
				PRODUCT_NAME = "$(TARGET_NAME)";
				WRAPPER_EXTENSION = app;
			};
			name = "Ad-hoc";
		};
		95EA63F914A619E3007E86D1 /* Debug */ = {
			isa = XCBuildConfiguration;
			buildSettings = {
				ALWAYS_SEARCH_USER_PATHS = NO;
				CLANG_ANALYZER_LOCALIZABILITY_NONLOCALIZED = YES;
				CLANG_WARN_BLOCK_CAPTURE_AUTORELEASING = YES;
				CLANG_WARN_BOOL_CONVERSION = YES;
				CLANG_WARN_COMMA = YES;
				CLANG_WARN_CONSTANT_CONVERSION = YES;
				CLANG_WARN_DEPRECATED_OBJC_IMPLEMENTATIONS = YES;
				CLANG_WARN_EMPTY_BODY = YES;
				CLANG_WARN_ENUM_CONVERSION = YES;
				CLANG_WARN_INFINITE_RECURSION = YES;
				CLANG_WARN_INT_CONVERSION = YES;
				CLANG_WARN_NON_LITERAL_NULL_CONVERSION = YES;
				CLANG_WARN_OBJC_IMPLICIT_RETAIN_SELF = YES;
				CLANG_WARN_OBJC_LITERAL_CONVERSION = YES;
				CLANG_WARN_RANGE_LOOP_ANALYSIS = YES;
				CLANG_WARN_STRICT_PROTOTYPES = YES;
				CLANG_WARN_SUSPICIOUS_MOVE = YES;
				CLANG_WARN_UNREACHABLE_CODE = YES;
				CLANG_WARN__DUPLICATE_METHOD_MATCH = YES;
				CODE_SIGN_IDENTITY = "iPhone Developer";
				"CODE_SIGN_IDENTITY[sdk=iphoneos*]" = "iPhone Developer";
				COPY_PHASE_STRIP = NO;
				ENABLE_STRICT_OBJC_MSGSEND = YES;
				ENABLE_TESTABILITY = YES;
				GCC_C_LANGUAGE_STANDARD = gnu99;
				GCC_DYNAMIC_NO_PIC = NO;
				GCC_NO_COMMON_BLOCKS = YES;
				GCC_OPTIMIZATION_LEVEL = 0;
				GCC_PREPROCESSOR_DEFINITIONS = (
					"DEBUG=1",
					"$(inherited)",
				);
				GCC_SYMBOLS_PRIVATE_EXTERN = NO;
				GCC_VERSION = com.apple.compilers.llvm.clang.1_0;
				GCC_WARN_64_TO_32_BIT_CONVERSION = YES;
				GCC_WARN_ABOUT_MISSING_PROTOTYPES = YES;
				GCC_WARN_ABOUT_RETURN_TYPE = YES;
				GCC_WARN_UNDECLARED_SELECTOR = YES;
				GCC_WARN_UNINITIALIZED_AUTOS = YES;
				GCC_WARN_UNUSED_FUNCTION = YES;
				GCC_WARN_UNUSED_VARIABLE = YES;
				IPHONEOS_DEPLOYMENT_TARGET = 10.0;
				ONLY_ACTIVE_ARCH = YES;
				PROVISIONING_PROFILE = "";
				"PROVISIONING_PROFILE[sdk=iphoneos*]" = "";
				SDKROOT = iphoneos;
			};
			name = Debug;
		};
		95EA63FA14A619E3007E86D1 /* Release */ = {
			isa = XCBuildConfiguration;
			buildSettings = {
				ALWAYS_SEARCH_USER_PATHS = NO;
				CLANG_ANALYZER_LOCALIZABILITY_NONLOCALIZED = YES;
				CLANG_WARN_BLOCK_CAPTURE_AUTORELEASING = YES;
				CLANG_WARN_BOOL_CONVERSION = YES;
				CLANG_WARN_COMMA = YES;
				CLANG_WARN_CONSTANT_CONVERSION = YES;
				CLANG_WARN_DEPRECATED_OBJC_IMPLEMENTATIONS = YES;
				CLANG_WARN_EMPTY_BODY = YES;
				CLANG_WARN_ENUM_CONVERSION = YES;
				CLANG_WARN_INFINITE_RECURSION = YES;
				CLANG_WARN_INT_CONVERSION = YES;
				CLANG_WARN_NON_LITERAL_NULL_CONVERSION = YES;
				CLANG_WARN_OBJC_IMPLICIT_RETAIN_SELF = YES;
				CLANG_WARN_OBJC_LITERAL_CONVERSION = YES;
				CLANG_WARN_RANGE_LOOP_ANALYSIS = YES;
				CLANG_WARN_STRICT_PROTOTYPES = YES;
				CLANG_WARN_SUSPICIOUS_MOVE = YES;
				CLANG_WARN_UNREACHABLE_CODE = YES;
				CLANG_WARN__DUPLICATE_METHOD_MATCH = YES;
				CODE_SIGN_IDENTITY = "iPhone Developer";
				"CODE_SIGN_IDENTITY[sdk=iphoneos*]" = "iPhone Developer";
				COPY_PHASE_STRIP = YES;
				ENABLE_STRICT_OBJC_MSGSEND = YES;
				GCC_C_LANGUAGE_STANDARD = gnu99;
				GCC_NO_COMMON_BLOCKS = YES;
				GCC_VERSION = com.apple.compilers.llvm.clang.1_0;
				GCC_WARN_64_TO_32_BIT_CONVERSION = YES;
				GCC_WARN_ABOUT_MISSING_PROTOTYPES = YES;
				GCC_WARN_ABOUT_RETURN_TYPE = YES;
				GCC_WARN_UNDECLARED_SELECTOR = YES;
				GCC_WARN_UNINITIALIZED_AUTOS = YES;
				GCC_WARN_UNUSED_FUNCTION = YES;
				GCC_WARN_UNUSED_VARIABLE = YES;
				IPHONEOS_DEPLOYMENT_TARGET = 10.0;
				OTHER_CFLAGS = "-DNS_BLOCK_ASSERTIONS=1";
				PROVISIONING_PROFILE = "";
				"PROVISIONING_PROFILE[sdk=iphoneos*]" = "";
				SDKROOT = iphoneos;
				VALIDATE_PRODUCT = YES;
			};
			name = Release;
		};
		95EA63FC14A619E3007E86D1 /* Debug */ = {
			isa = XCBuildConfiguration;
			buildSettings = {
				CLANG_ENABLE_OBJC_WEAK = YES;
				DEVELOPMENT_TEAM = EQPSU577A8;
				GCC_PRECOMPILE_PREFIX_HEADER = YES;
				GCC_PREFIX_HEADER = "Jusikwang/Jusikwang-Prefix.pch";
				INFOPLIST_FILE = "Jusikwang/Jusikwang-Info.plist";
				PRODUCT_BUNDLE_IDENTIFIER = "com.3Ds.${PRODUCT_NAME:rfc1034identifier}";
				PRODUCT_NAME = "$(TARGET_NAME)";
				WRAPPER_EXTENSION = app;
			};
			name = Debug;
		};
		95EA63FD14A619E3007E86D1 /* Release */ = {
			isa = XCBuildConfiguration;
			buildSettings = {
				CLANG_ENABLE_OBJC_WEAK = YES;
				DEVELOPMENT_TEAM = EQPSU577A8;
				GCC_PRECOMPILE_PREFIX_HEADER = YES;
				GCC_PREFIX_HEADER = "Jusikwang/Jusikwang-Prefix.pch";
				INFOPLIST_FILE = "Jusikwang/Jusikwang-Info.plist";
				PRODUCT_BUNDLE_IDENTIFIER = "com.3Ds.${PRODUCT_NAME:rfc1034identifier}";
				PRODUCT_NAME = "$(TARGET_NAME)";
				WRAPPER_EXTENSION = app;
			};
			name = Release;
		};
/* End XCBuildConfiguration section */

/* Begin XCConfigurationList section */
		95EA63D714A619E2007E86D1 /* Build configuration list for PBXProject "Jusikwang" */ = {
			isa = XCConfigurationList;
			buildConfigurations = (
				95EA63F914A619E3007E86D1 /* Debug */,
				95EA63FA14A619E3007E86D1 /* Release */,
				95CE07E414BE5FE3001C888B /* Ad-hoc */,
			);
			defaultConfigurationIsVisible = 0;
			defaultConfigurationName = Release;
		};
		95EA63FB14A619E3007E86D1 /* Build configuration list for PBXNativeTarget "Jusikwang" */ = {
			isa = XCConfigurationList;
			buildConfigurations = (
				95EA63FC14A619E3007E86D1 /* Debug */,
				95EA63FD14A619E3007E86D1 /* Release */,
				95CE07E514BE5FE3001C888B /* Ad-hoc */,
			);
			defaultConfigurationIsVisible = 0;
			defaultConfigurationName = Release;
		};
/* End XCConfigurationList section */
	};
	rootObject = 95EA63D414A619E2007E86D1 /* Project object */;
}
