// !$*UTF8*$!
{
	archiveVersion = 1;
	classes = {
	};
	objectVersion = 46;
	objects = {

/* Begin PBXBuildFile section */
		95D664671494887C0022EBBE /* Foundation.framework in Frameworks */ = {isa = PBXBuildFile; fileRef = 95D664661494887C0022EBBE /* Foundation.framework */; };
		95D6646A1494887C0022EBBE /* main.m in Sources */ = {isa = PBXBuildFile; fileRef = 95D664691494887C0022EBBE /* main.m */; };
		95D6646E1494887C0022EBBE /* Jusikwang_core.1 in CopyFiles */ = {isa = PBXBuildFile; fileRef = 95D6646D1494887C0022EBBE /* Jusikwang_core.1 */; };
/* End PBXBuildFile section */

/* Begin PBXCopyFilesBuildPhase section */
		95D664601494887C0022EBBE /* CopyFiles */ = {
			isa = PBXCopyFilesBuildPhase;
			buildActionMask = 2147483647;
			dstPath = /usr/share/man/man1/;
			dstSubfolderSpec = 0;
			files = (
				95D6646E1494887C0022EBBE /* Jusikwang_core.1 in CopyFiles */,
			);
			runOnlyForDeploymentPostprocessing = 1;
		};
/* End PBXCopyFilesBuildPhase section */

/* Begin PBXFileReference section */
		95D664621494887C0022EBBE /* Jusikwang_core */ = {isa = PBXFileReference; explicitFileType = "compiled.mach-o.executable"; includeInIndex = 0; path = Jusikwang_core; sourceTree = BUILT_PRODUCTS_DIR; };
		95D664661494887C0022EBBE /* Foundation.framework */ = {isa = PBXFileReference; lastKnownFileType = wrapper.framework; name = Foundation.framework; path = System/Library/Frameworks/Foundation.framework; sourceTree = SDKROOT; };
		95D664691494887C0022EBBE /* main.m */ = {isa = PBXFileReference; lastKnownFileType = sourcecode.c.objc; path = main.m; sourceTree = "<group>"; };
		95D6646C1494887C0022EBBE /* Jusikwang_core-Prefix.pch */ = {isa = PBXFileReference; path = "Jusikwang_core-Prefix.pch"; sourceTree = "<group>"; };
		95D6646D1494887C0022EBBE /* Jusikwang_core.1 */ = {isa = PBXFileReference; lastKnownFileType = text.man; path = Jusikwang_core.1; sourceTree = "<group>"; };
/* End PBXFileReference section */

/* Begin PBXFrameworksBuildPhase section */
		95D6645F1494887C0022EBBE /* Frameworks */ = {
			isa = PBXFrameworksBuildPhase;
			buildActionMask = 2147483647;
			files = (
				95D664671494887C0022EBBE /* Foundation.framework in Frameworks */,
			);
			runOnlyForDeploymentPostprocessing = 0;
		};
/* End PBXFrameworksBuildPhase section */

/* Begin PBXGroup section */
		95D664571494887B0022EBBE = {
			isa = PBXGroup;
			children = (
				95D664681494887C0022EBBE /* Jusikwang_core */,
				95D664651494887C0022EBBE /* Frameworks */,
				95D664631494887C0022EBBE /* Products */,
			);
			sourceTree = "<group>";
		};
		95D664631494887C0022EBBE /* Products */ = {
			isa = PBXGroup;
			children = (
				95D664621494887C0022EBBE /* Jusikwang_core */,
			);
			name = Products;
			sourceTree = "<group>";
		};
		95D664651494887C0022EBBE /* Frameworks */ = {
			isa = PBXGroup;
			children = (
				95D664661494887C0022EBBE /* Foundation.framework */,
			);
			name = Frameworks;
			sourceTree = "<group>";
		};
		95D664681494887C0022EBBE /* Jusikwang_core */ = {
			isa = PBXGroup;
			children = (
				95D664691494887C0022EBBE /* main.m */,
				95D6646D1494887C0022EBBE /* Jusikwang_core.1 */,
				95D6646B1494887C0022EBBE /* Supporting Files */,
			);
			path = Jusikwang_core;
			sourceTree = "<group>";
		};
		95D6646B1494887C0022EBBE /* Supporting Files */ = {
			isa = PBXGroup;
			children = (
				95D6646C1494887C0022EBBE /* Jusikwang_core-Prefix.pch */,
			);
			name = "Supporting Files";
			sourceTree = "<group>";
		};
/* End PBXGroup section */

/* Begin PBXNativeTarget section */
		95D664611494887C0022EBBE /* Jusikwang_core */ = {
			isa = PBXNativeTarget;
			buildConfigurationList = 95D664711494887C0022EBBE /* Build configuration list for PBXNativeTarget "Jusikwang_core" */;
			buildPhases = (
				95D6645E1494887C0022EBBE /* Sources */,
				95D6645F1494887C0022EBBE /* Frameworks */,
				95D664601494887C0022EBBE /* CopyFiles */,
			);
			buildRules = (
			);
			dependencies = (
			);
			name = Jusikwang_core;
			productName = Jusikwang_core;
			productReference = 95D664621494887C0022EBBE /* Jusikwang_core */;
			productType = "com.apple.product-type.tool";
		};
/* End PBXNativeTarget section */

/* Begin PBXProject section */
		95D664591494887B0022EBBE /* Project object */ = {
			isa = PBXProject;
			attributes = {
				LastUpgradeCheck = 0420;
				ORGANIZATIONNAME = "서울시립대학교";
			};
			buildConfigurationList = 95D6645C1494887B0022EBBE /* Build configuration list for PBXProject "Jusikwang_core" */;
			compatibilityVersion = "Xcode 3.2";
			developmentRegion = English;
			hasScannedForEncodings = 0;
			knownRegions = (
				en,
			);
			mainGroup = 95D664571494887B0022EBBE;
			productRefGroup = 95D664631494887C0022EBBE /* Products */;
			projectDirPath = "";
			projectRoot = "";
			targets = (
				95D664611494887C0022EBBE /* Jusikwang_core */,
			);
		};
/* End PBXProject section */

/* Begin PBXSourcesBuildPhase section */
		95D6645E1494887C0022EBBE /* Sources */ = {
			isa = PBXSourcesBuildPhase;
			buildActionMask = 2147483647;
			files = (
				95D6646A1494887C0022EBBE /* main.m in Sources */,
			);
			runOnlyForDeploymentPostprocessing = 0;
		};
/* End PBXSourcesBuildPhase section */

/* Begin XCBuildConfiguration section */
		95D6646F1494887C0022EBBE /* Debug */ = {
			isa = XCBuildConfiguration;
			buildSettings = {
				ALWAYS_SEARCH_USER_PATHS = NO;
				ARCHS = "$(ARCHS_STANDARD_64_BIT)";
				COPY_PHASE_STRIP = NO;
				GCC_C_LANGUAGE_STANDARD = gnu99;
				GCC_DYNAMIC_NO_PIC = NO;
				GCC_ENABLE_OBJC_EXCEPTIONS = YES;
				GCC_OPTIMIZATION_LEVEL = 0;
				GCC_PREPROCESSOR_DEFINITIONS = (
					"DEBUG=1",
					"$(inherited)",
				);
				GCC_SYMBOLS_PRIVATE_EXTERN = NO;
				GCC_VERSION = com.apple.compilers.llvm.clang.1_0;
				GCC_WARN_64_TO_32_BIT_CONVERSION = YES;
				GCC_WARN_ABOUT_MISSING_PROTOTYPES = YES;
				GCC_WARN_ABOUT_RETURN_TYPE = YES;
				GCC_WARN_UNUSED_VARIABLE = YES;
				MACOSX_DEPLOYMENT_TARGET = 10.6;
				ONLY_ACTIVE_ARCH = YES;
				SDKROOT = macosx;
			};
			name = Debug;
		};
		95D664701494887C0022EBBE /* Release */ = {
			isa = XCBuildConfiguration;
			buildSettings = {
				ALWAYS_SEARCH_USER_PATHS = NO;
				ARCHS = "$(ARCHS_STANDARD_64_BIT)";
				COPY_PHASE_STRIP = YES;
				DEBUG_INFORMATION_FORMAT = "dwarf-with-dsym";
				GCC_C_LANGUAGE_STANDARD = gnu99;
				GCC_ENABLE_OBJC_EXCEPTIONS = YES;
				GCC_VERSION = com.apple.compilers.llvm.clang.1_0;
				GCC_WARN_64_TO_32_BIT_CONVERSION = YES;
				GCC_WARN_ABOUT_MISSING_PROTOTYPES = YES;
				GCC_WARN_ABOUT_RETURN_TYPE = YES;
				GCC_WARN_UNUSED_VARIABLE = YES;
				MACOSX_DEPLOYMENT_TARGET = 10.6;
				SDKROOT = macosx;
			};
			name = Release;
		};
		95D664721494887C0022EBBE /* Debug */ = {
			isa = XCBuildConfiguration;
			buildSettings = {
				GCC_PRECOMPILE_PREFIX_HEADER = YES;
				GCC_PREFIX_HEADER = "Jusikwang_core/Jusikwang_core-Prefix.pch";
				PRODUCT_NAME = "$(TARGET_NAME)";
			};
			name = Debug;
		};
		95D664731494887C0022EBBE /* Release */ = {
			isa = XCBuildConfiguration;
			buildSettings = {
				GCC_PRECOMPILE_PREFIX_HEADER = YES;
				GCC_PREFIX_HEADER = "Jusikwang_core/Jusikwang_core-Prefix.pch";
				PRODUCT_NAME = "$(TARGET_NAME)";
			};
			name = Release;
		};
/* End XCBuildConfiguration section */

/* Begin XCConfigurationList section */
		95D6645C1494887B0022EBBE /* Build configuration list for PBXProject "Jusikwang_core" */ = {
			isa = XCConfigurationList;
			buildConfigurations = (
				95D6646F1494887C0022EBBE /* Debug */,
				95D664701494887C0022EBBE /* Release */,
			);
			defaultConfigurationIsVisible = 0;
			defaultConfigurationName = Release;
		};
		95D664711494887C0022EBBE /* Build configuration list for PBXNativeTarget "Jusikwang_core" */ = {
			isa = XCConfigurationList;
			buildConfigurations = (
				95D664721494887C0022EBBE /* Debug */,
				95D664731494887C0022EBBE /* Release */,
			);
			defaultConfigurationIsVisible = 0;
		};
/* End XCConfigurationList section */
	};
	rootObject = 95D664591494887B0022EBBE /* Project object */;
}
