// !$*UTF8*$!
{
	archiveVersion = 1;
	classes = {
	};
	objectVersion = 46;
	objects = {

/* Begin PBXBuildFile section */
		952E4F3514A9E890003CC95F /* JusikStockDataType.m in Sources */ = {isa = PBXBuildFile; fileRef = 952E4F3414A9E890003CC95F /* JusikStockDataType.m */; };
		95691F3A1497B07F0037E708 /* JusikStockFunction.m in Sources */ = {isa = PBXBuildFile; fileRef = 95691F391497B07F0037E708 /* JusikStockFunction.m */; };
		95BA71B814AE3BB00020B203 /* JusikPlayer.m in Sources */ = {isa = PBXBuildFile; fileRef = 95BA71B714AE3BAF0020B203 /* JusikPlayer.m */; };
		95BA71BB14AE43AC0020B203 /* JusikPurchasedStockInfo.m in Sources */ = {isa = PBXBuildFile; fileRef = 95BA71BA14AE43AB0020B203 /* JusikPurchasedStockInfo.m */; };
		95CB245414CA9BB6001C156B /* NSDate+Extension.m in Sources */ = {isa = PBXBuildFile; fileRef = 95CB245314CA9BB6001C156B /* NSDate+Extension.m */; };
		95CC000514A7585B00D04279 /* JusikEvent.m in Sources */ = {isa = PBXBuildFile; fileRef = 95CC000414A7585B00D04279 /* JusikEvent.m */; };
		95CC000914A7654500D04279 /* JusikRecord.m in Sources */ = {isa = PBXBuildFile; fileRef = 95CC000814A7654500D04279 /* JusikRecord.m */; };
		95D664671494887C0022EBBE /* Foundation.framework in Frameworks */ = {isa = PBXBuildFile; fileRef = 95D664661494887C0022EBBE /* Foundation.framework */; };
		95D6646A1494887C0022EBBE /* main.m in Sources */ = {isa = PBXBuildFile; fileRef = 95D664691494887C0022EBBE /* main.m */; };
		95D6646E1494887C0022EBBE /* Jusikwang_core.1 in CopyFiles */ = {isa = PBXBuildFile; fileRef = 95D6646D1494887C0022EBBE /* Jusikwang_core.1 */; };
		95D6647614948F540022EBBE /* JusikStockMarket.m in Sources */ = {isa = PBXBuildFile; fileRef = 95D6647514948F540022EBBE /* JusikStockMarket.m */; };
		95D664791494B3A70022EBBE /* JusikCompanyInfo.m in Sources */ = {isa = PBXBuildFile; fileRef = 95D664781494B3A70022EBBE /* JusikCompanyInfo.m */; };
		95D6647D1494B8070022EBBE /* JusikBusinessType.m in Sources */ = {isa = PBXBuildFile; fileRef = 95D6647C1494B8070022EBBE /* JusikBusinessType.m */; };
		95D6648014951B990022EBBE /* JusikStock.m in Sources */ = {isa = PBXBuildFile; fileRef = 95D6647F14951B990022EBBE /* JusikStock.m */; };
/* End PBXBuildFile section */

/* Begin PBXCopyFilesBuildPhase section */
		95D664601494887C0022EBBE /* CopyFiles */ = {
			isa = PBXCopyFilesBuildPhase;
			buildActionMask = 2147483647;
			dstPath = /usr/share/man/man1/;
			dstSubfolderSpec = 0;
			files = (
				95D6646E1494887C0022EBBE /* Jusikwang_core.1 in CopyFiles */,
			);
			runOnlyForDeploymentPostprocessing = 1;
		};
/* End PBXCopyFilesBuildPhase section */

/* Begin PBXFileReference section */
		952E4F3414A9E890003CC95F /* JusikStockDataType.m */ = {isa = PBXFileReference; fileEncoding = 4; lastKnownFileType = sourcecode.c.objc; path = JusikStockDataType.m; sourceTree = "<group>"; };
		95691F381497B07F0037E708 /* JusikStockFunction.h */ = {isa = PBXFileReference; fileEncoding = 4; lastKnownFileType = sourcecode.c.h; path = JusikStockFunction.h; sourceTree = "<group>"; };
		95691F391497B07F0037E708 /* JusikStockFunction.m */ = {isa = PBXFileReference; fileEncoding = 4; lastKnownFileType = sourcecode.c.objc; path = JusikStockFunction.m; sourceTree = "<group>"; };
		95BA71B614AE3BAD0020B203 /* JusikPlayer.h */ = {isa = PBXFileReference; fileEncoding = 4; lastKnownFileType = sourcecode.c.h; path = JusikPlayer.h; sourceTree = "<group>"; };
		95BA71B714AE3BAF0020B203 /* JusikPlayer.m */ = {isa = PBXFileReference; fileEncoding = 4; lastKnownFileType = sourcecode.c.objc; path = JusikPlayer.m; sourceTree = "<group>"; };
		95BA71B914AE43AA0020B203 /* JusikPurchasedStockInfo.h */ = {isa = PBXFileReference; fileEncoding = 4; lastKnownFileType = sourcecode.c.h; path = JusikPurchasedStockInfo.h; sourceTree = "<group>"; };
		95BA71BA14AE43AB0020B203 /* JusikPurchasedStockInfo.m */ = {isa = PBXFileReference; fileEncoding = 4; lastKnownFileType = sourcecode.c.objc; path = JusikPurchasedStockInfo.m; sourceTree = "<group>"; };
		95CB245214CA9BB6001C156B /* NSDate+Extension.h */ = {isa = PBXFileReference; fileEncoding = 4; lastKnownFileType = sourcecode.c.h; name = "NSDate+Extension.h"; path = "../Jusikwang/Jusikwang/NSDate+Extension.h"; sourceTree = "<group>"; };
		95CB245314CA9BB6001C156B /* NSDate+Extension.m */ = {isa = PBXFileReference; fileEncoding = 4; lastKnownFileType = sourcecode.c.objc; name = "NSDate+Extension.m"; path = "../Jusikwang/Jusikwang/NSDate+Extension.m"; sourceTree = "<group>"; };
		95CC000314A7585B00D04279 /* JusikEvent.h */ = {isa = PBXFileReference; fileEncoding = 4; lastKnownFileType = sourcecode.c.h; path = JusikEvent.h; sourceTree = "<group>"; };
		95CC000414A7585B00D04279 /* JusikEvent.m */ = {isa = PBXFileReference; fileEncoding = 4; lastKnownFileType = sourcecode.c.objc; path = JusikEvent.m; sourceTree = "<group>"; };
		95CC000714A7654500D04279 /* JusikRecord.h */ = {isa = PBXFileReference; fileEncoding = 4; lastKnownFileType = sourcecode.c.h; path = JusikRecord.h; sourceTree = "<group>"; };
		95CC000814A7654500D04279 /* JusikRecord.m */ = {isa = PBXFileReference; fileEncoding = 4; lastKnownFileType = sourcecode.c.objc; path = JusikRecord.m; sourceTree = "<group>"; };
		95D664621494887C0022EBBE /* Jusikwang_core */ = {isa = PBXFileReference; explicitFileType = "compiled.mach-o.executable"; includeInIndex = 0; path = Jusikwang_core; sourceTree = BUILT_PRODUCTS_DIR; };
		95D664661494887C0022EBBE /* Foundation.framework */ = {isa = PBXFileReference; lastKnownFileType = wrapper.framework; name = Foundation.framework; path = System/Library/Frameworks/Foundation.framework; sourceTree = SDKROOT; };
		95D664691494887C0022EBBE /* main.m */ = {isa = PBXFileReference; lastKnownFileType = sourcecode.c.objc; path = main.m; sourceTree = "<group>"; };
		95D6646C1494887C0022EBBE /* Jusikwang_core-Prefix.pch */ = {isa = PBXFileReference; lastKnownFileType = sourcecode.c.h; path = "Jusikwang_core-Prefix.pch"; sourceTree = "<group>"; };
		95D6646D1494887C0022EBBE /* Jusikwang_core.1 */ = {isa = PBXFileReference; lastKnownFileType = text.man; path = Jusikwang_core.1; sourceTree = "<group>"; };
		95D6647414948F540022EBBE /* JusikStockMarket.h */ = {isa = PBXFileReference; fileEncoding = 4; lastKnownFileType = sourcecode.c.h; path = JusikStockMarket.h; sourceTree = "<group>"; };
		95D6647514948F540022EBBE /* JusikStockMarket.m */ = {isa = PBXFileReference; fileEncoding = 4; lastKnownFileType = sourcecode.c.objc; path = JusikStockMarket.m; sourceTree = "<group>"; };
		95D664771494B3A70022EBBE /* JusikCompanyInfo.h */ = {isa = PBXFileReference; fileEncoding = 4; lastKnownFileType = sourcecode.c.h; path = JusikCompanyInfo.h; sourceTree = "<group>"; };
		95D664781494B3A70022EBBE /* JusikCompanyInfo.m */ = {isa = PBXFileReference; fileEncoding = 4; lastKnownFileType = sourcecode.c.objc; path = JusikCompanyInfo.m; sourceTree = "<group>"; };
		95D6647A1494B6000022EBBE /* JusikStockDataType.h */ = {isa = PBXFileReference; fileEncoding = 4; lastKnownFileType = sourcecode.c.h; path = JusikStockDataType.h; sourceTree = "<group>"; };
		95D6647B1494B8070022EBBE /* JusikBusinessType.h */ = {isa = PBXFileReference; fileEncoding = 4; lastKnownFileType = sourcecode.c.h; path = JusikBusinessType.h; sourceTree = "<group>"; };
		95D6647C1494B8070022EBBE /* JusikBusinessType.m */ = {isa = PBXFileReference; fileEncoding = 4; lastKnownFileType = sourcecode.c.objc; path = JusikBusinessType.m; sourceTree = "<group>"; };
		95D6647E14951B990022EBBE /* JusikStock.h */ = {isa = PBXFileReference; fileEncoding = 4; lastKnownFileType = sourcecode.c.h; path = JusikStock.h; sourceTree = "<group>"; };
		95D6647F14951B990022EBBE /* JusikStock.m */ = {isa = PBXFileReference; fileEncoding = 4; lastKnownFileType = sourcecode.c.objc; path = JusikStock.m; sourceTree = "<group>"; };
		95D6648114951E350022EBBE /* JusikCore.h */ = {isa = PBXFileReference; fileEncoding = 4; lastKnownFileType = sourcecode.c.h; path = JusikCore.h; sourceTree = "<group>"; };
/* End PBXFileReference section */

/* Begin PBXFrameworksBuildPhase section */
		95D6645F1494887C0022EBBE /* Frameworks */ = {
			isa = PBXFrameworksBuildPhase;
			buildActionMask = 2147483647;
			files = (
				95D664671494887C0022EBBE /* Foundation.framework in Frameworks */,
			);
			runOnlyForDeploymentPostprocessing = 0;
		};
/* End PBXFrameworksBuildPhase section */

/* Begin PBXGroup section */
		95D664571494887B0022EBBE = {
			isa = PBXGroup;
			children = (
				95CB245214CA9BB6001C156B /* NSDate+Extension.h */,
				95CB245314CA9BB6001C156B /* NSDate+Extension.m */,
				95D6648114951E350022EBBE /* JusikCore.h */,
				95D664681494887C0022EBBE /* Jusikwang_core */,
				95D664651494887C0022EBBE /* Frameworks */,
				95D664631494887C0022EBBE /* Products */,
			);
			sourceTree = "<group>";
		};
		95D664631494887C0022EBBE /* Products */ = {
			isa = PBXGroup;
			children = (
				95D664621494887C0022EBBE /* Jusikwang_core */,
			);
			name = Products;
			sourceTree = "<group>";
		};
		95D664651494887C0022EBBE /* Frameworks */ = {
			isa = PBXGroup;
			children = (
				95D664661494887C0022EBBE /* Foundation.framework */,
			);
			name = Frameworks;
			sourceTree = "<group>";
		};
		95D664681494887C0022EBBE /* Jusikwang_core */ = {
			isa = PBXGroup;
			children = (
				95D664691494887C0022EBBE /* main.m */,
				95D6646D1494887C0022EBBE /* Jusikwang_core.1 */,
				95D6646B1494887C0022EBBE /* Supporting Files */,
				95D6647414948F540022EBBE /* JusikStockMarket.h */,
				95D6647514948F540022EBBE /* JusikStockMarket.m */,
				95D664771494B3A70022EBBE /* JusikCompanyInfo.h */,
				95D664781494B3A70022EBBE /* JusikCompanyInfo.m */,
				95D6647A1494B6000022EBBE /* JusikStockDataType.h */,
				952E4F3414A9E890003CC95F /* JusikStockDataType.m */,
				95D6647B1494B8070022EBBE /* JusikBusinessType.h */,
				95D6647C1494B8070022EBBE /* JusikBusinessType.m */,
				95D6647E14951B990022EBBE /* JusikStock.h */,
				95D6647F14951B990022EBBE /* JusikStock.m */,
				95691F381497B07F0037E708 /* JusikStockFunction.h */,
				95691F391497B07F0037E708 /* JusikStockFunction.m */,
				95CC000314A7585B00D04279 /* JusikEvent.h */,
				95CC000414A7585B00D04279 /* JusikEvent.m */,
				95CC000714A7654500D04279 /* JusikRecord.h */,
				95CC000814A7654500D04279 /* JusikRecord.m */,
				95BA71B614AE3BAD0020B203 /* JusikPlayer.h */,
				95BA71B714AE3BAF0020B203 /* JusikPlayer.m */,
				95BA71B914AE43AA0020B203 /* JusikPurchasedStockInfo.h */,
				95BA71BA14AE43AB0020B203 /* JusikPurchasedStockInfo.m */,
			);
			path = Jusikwang_core;
			sourceTree = "<group>";
		};
		95D6646B1494887C0022EBBE /* Supporting Files */ = {
			isa = PBXGroup;
			children = (
				95D6646C1494887C0022EBBE /* Jusikwang_core-Prefix.pch */,
			);
			name = "Supporting Files";
			sourceTree = "<group>";
		};
/* End PBXGroup section */

/* Begin PBXNativeTarget section */
		95D664611494887C0022EBBE /* Jusikwang_core */ = {
			isa = PBXNativeTarget;
			buildConfigurationList = 95D664711494887C0022EBBE /* Build configuration list for PBXNativeTarget "Jusikwang_core" */;
			buildPhases = (
				95D6645E1494887C0022EBBE /* Sources */,
				95D6645F1494887C0022EBBE /* Frameworks */,
				95D664601494887C0022EBBE /* CopyFiles */,
			);
			buildRules = (
			);
			dependencies = (
			);
			name = Jusikwang_core;
			productName = Jusikwang_core;
			productReference = 95D664621494887C0022EBBE /* Jusikwang_core */;
			productType = "com.apple.product-type.tool";
		};
/* End PBXNativeTarget section */

/* Begin PBXProject section */
		95D664591494887B0022EBBE /* Project object */ = {
			isa = PBXProject;
			attributes = {
				LastUpgradeCheck = 0420;
				ORGANIZATIONNAME = "서울시립대학교";
			};
			buildConfigurationList = 95D6645C1494887B0022EBBE /* Build configuration list for PBXProject "Jusikwang_core" */;
			compatibilityVersion = "Xcode 3.2";
			developmentRegion = English;
			hasScannedForEncodings = 0;
			knownRegions = (
				en,
			);
			mainGroup = 95D664571494887B0022EBBE;
			productRefGroup = 95D664631494887C0022EBBE /* Products */;
			projectDirPath = "";
			projectRoot = "";
			targets = (
				95D664611494887C0022EBBE /* Jusikwang_core */,
			);
		};
/* End PBXProject section */

/* Begin PBXSourcesBuildPhase section */
		95D6645E1494887C0022EBBE /* Sources */ = {
			isa = PBXSourcesBuildPhase;
			buildActionMask = 2147483647;
			files = (
				95D6646A1494887C0022EBBE /* main.m in Sources */,
				95D6647614948F540022EBBE /* JusikStockMarket.m in Sources */,
				95D664791494B3A70022EBBE /* JusikCompanyInfo.m in Sources */,
				95D6647D1494B8070022EBBE /* JusikBusinessType.m in Sources */,
				95D6648014951B990022EBBE /* JusikStock.m in Sources */,
				95691F3A1497B07F0037E708 /* JusikStockFunction.m in Sources */,
				95CC000514A7585B00D04279 /* JusikEvent.m in Sources */,
				95CC000914A7654500D04279 /* JusikRecord.m in Sources */,
				952E4F3514A9E890003CC95F /* JusikStockDataType.m in Sources */,
				95BA71B814AE3BB00020B203 /* JusikPlayer.m in Sources */,
				95BA71BB14AE43AC0020B203 /* JusikPurchasedStockInfo.m in Sources */,
				95CB245414CA9BB6001C156B /* NSDate+Extension.m in Sources */,
			);
			runOnlyForDeploymentPostprocessing = 0;
		};
/* End PBXSourcesBuildPhase section */

/* Begin XCBuildConfiguration section */
		95D6646F1494887C0022EBBE /* Debug */ = {
			isa = XCBuildConfiguration;
			buildSettings = {
				ALWAYS_SEARCH_USER_PATHS = NO;
				ARCHS = "$(ARCHS_STANDARD_32_BIT)";
				COPY_PHASE_STRIP = NO;
				GCC_C_LANGUAGE_STANDARD = gnu99;
				GCC_DYNAMIC_NO_PIC = NO;
				GCC_ENABLE_OBJC_EXCEPTIONS = YES;
				GCC_OPTIMIZATION_LEVEL = 0;
				GCC_PREPROCESSOR_DEFINITIONS = (
					"DEBUG=1",
					"$(inherited)",
				);
				GCC_SYMBOLS_PRIVATE_EXTERN = NO;
				GCC_VERSION = com.apple.compilers.llvm.clang.1_0;
				GCC_WARN_64_TO_32_BIT_CONVERSION = YES;
				GCC_WARN_ABOUT_MISSING_PROTOTYPES = YES;
				GCC_WARN_ABOUT_RETURN_TYPE = YES;
				GCC_WARN_UNUSED_VARIABLE = YES;
				MACOSX_DEPLOYMENT_TARGET = 10.6;
				ONLY_ACTIVE_ARCH = YES;
				SDKROOT = macosx;
			};
			name = Debug;
		};
		95D664701494887C0022EBBE /* Release */ = {
			isa = XCBuildConfiguration;
			buildSettings = {
				ALWAYS_SEARCH_USER_PATHS = NO;
				ARCHS = "$(ARCHS_STANDARD_32_BIT)";
				COPY_PHASE_STRIP = YES;
				DEBUG_INFORMATION_FORMAT = "dwarf-with-dsym";
				GCC_C_LANGUAGE_STANDARD = gnu99;
				GCC_ENABLE_OBJC_EXCEPTIONS = YES;
				GCC_VERSION = com.apple.compilers.llvm.clang.1_0;
				GCC_WARN_64_TO_32_BIT_CONVERSION = YES;
				GCC_WARN_ABOUT_MISSING_PROTOTYPES = YES;
				GCC_WARN_ABOUT_RETURN_TYPE = YES;
				GCC_WARN_UNUSED_VARIABLE = YES;
				MACOSX_DEPLOYMENT_TARGET = 10.6;
				SDKROOT = macosx;
			};
			name = Release;
		};
		95D664721494887C0022EBBE /* Debug */ = {
			isa = XCBuildConfiguration;
			buildSettings = {
				GCC_PRECOMPILE_PREFIX_HEADER = YES;
				GCC_PREFIX_HEADER = "Jusikwang_core/Jusikwang_core-Prefix.pch";
				PRODUCT_NAME = "$(TARGET_NAME)";
			};
			name = Debug;
		};
		95D664731494887C0022EBBE /* Release */ = {
			isa = XCBuildConfiguration;
			buildSettings = {
				GCC_PRECOMPILE_PREFIX_HEADER = YES;
				GCC_PREFIX_HEADER = "Jusikwang_core/Jusikwang_core-Prefix.pch";
				PRODUCT_NAME = "$(TARGET_NAME)";
			};
			name = Release;
		};
/* End XCBuildConfiguration section */

/* Begin XCConfigurationList section */
		95D6645C1494887B0022EBBE /* Build configuration list for PBXProject "Jusikwang_core" */ = {
			isa = XCConfigurationList;
			buildConfigurations = (
				95D6646F1494887C0022EBBE /* Debug */,
				95D664701494887C0022EBBE /* Release */,
			);
			defaultConfigurationIsVisible = 0;
			defaultConfigurationName = Release;
		};
		95D664711494887C0022EBBE /* Build configuration list for PBXNativeTarget "Jusikwang_core" */ = {
			isa = XCConfigurationList;
			buildConfigurations = (
				95D664721494887C0022EBBE /* Debug */,
				95D664731494887C0022EBBE /* Release */,
			);
			defaultConfigurationIsVisible = 0;
			defaultConfigurationName = Release;
		};
/* End XCConfigurationList section */
	};
	rootObject = 95D664591494887B0022EBBE /* Project object */;
}
